
Microsoft Visual Studio Solution File, Format Version 12.00
# Visual Studio 15
Project("{FAE04EC0-301F-11D3-BF4B-00C04F79EFBC}") = "Assembly-CSharp", "Assembly-CSharp.csproj", "{C073E0EE-C26D-0AF9-3408-063A9CFAD7B9}"
EndProject
Project("{FAE04EC0-301F-11D3-BF4B-00C04F79EFBC}") = "Assembly-CSharp-Editor", "Assembly-CSharp-Editor.csproj", "{477DF6B1-0E4F-CCB4-2654-559141E10093}"
EndProject
Global
	GlobalSection(SolutionConfigurationPlatforms) = preSolution
		Debug|Any CPU = Debug|Any CPU
		Release|Any CPU = Release|Any CPU
	EndGlobalSection
	GlobalSection(ProjectConfigurationPlatforms) = postSolution
		{C073E0EE-C26D-0AF9-3408-063A9CFAD7B9}.Debug|Any CPU.ActiveCfg = Debug|Any CPU
		{C073E0EE-C26D-0AF9-3408-063A9CFAD7B9}.Debug|Any CPU.Build.0 = Debug|Any CPU
		{C073E0EE-C26D-0AF9-3408-063A9CFAD7B9}.Release|Any CPU.ActiveCfg = Release|Any CPU
		{C073E0EE-C26D-0AF9-3408-063A9CFAD7B9}.Release|Any CPU.Build.0 = Release|Any CPU
		{477DF6B1-0E4F-CCB4-2654-559141E10093}.Debug|Any CPU.ActiveCfg = Debug|Any CPU
		{477DF6B1-0E4F-CCB4-2654-559141E10093}.Debug|Any CPU.Build.0 = Debug|Any CPU
		{477DF6B1-0E4F-CCB4-2654-559141E10093}.Release|Any CPU.ActiveCfg = Release|Any CPU
		{477DF6B1-0E4F-CCB4-2654-559141E10093}.Release|Any CPU.Build.0 = Release|Any CPU
	EndGlobalSection
	GlobalSection(SolutionProperties) = preSolution
		HideSolutionNode = FALSE
	EndGlobalSection
EndGlobal
