
Microsoft Visual Studio Solution File, Format Version 12.00
# Visual Studio 15
Project("{FAE04EC0-301F-11D3-BF4B-00C04F79EFBC}") = "Assembly-CSharp", "Assembly-CSharp.csproj", "{AEF37EC3-1E42-E4DB-49B2-8CCC2BF059B3}"
EndProject
Project("{FAE04EC0-301F-11D3-BF4B-00C04F79EFBC}") = "Assembly-CSharp-Editor", "Assembly-CSharp-Editor.csproj", "{2E74B025-A04B-C206-1654-F9A003D4FAD4}"
EndProject
Global
	GlobalSection(SolutionConfigurationPlatforms) = preSolution
		Debug|Any CPU = Debug|Any CPU
		Release|Any CPU = Release|Any CPU
	EndGlobalSection
	GlobalSection(ProjectConfigurationPlatforms) = postSolution
		{AEF37EC3-1E42-E4DB-49B2-8CCC2BF059B3}.Debug|Any CPU.ActiveCfg = Debug|Any CPU
		{AEF37EC3-1E42-E4DB-49B2-8CCC2BF059B3}.Debug|Any CPU.Build.0 = Debug|Any CPU
		{AEF37EC3-1E42-E4DB-49B2-8CCC2BF059B3}.Release|Any CPU.ActiveCfg = Release|Any CPU
		{AEF37EC3-1E42-E4DB-49B2-8CCC2BF059B3}.Release|Any CPU.Build.0 = Release|Any CPU
		{2E74B025-A04B-C206-1654-F9A003D4FAD4}.Debug|Any CPU.ActiveCfg = Debug|Any CPU
		{2E74B025-A04B-C206-1654-F9A003D4FAD4}.Debug|Any CPU.Build.0 = Debug|Any CPU
		{2E74B025-A04B-C206-1654-F9A003D4FAD4}.Release|Any CPU.ActiveCfg = Release|Any CPU
		{2E74B025-A04B-C206-1654-F9A003D4FAD4}.Release|Any CPU.Build.0 = Release|Any CPU
	EndGlobalSection
	GlobalSection(SolutionProperties) = preSolution
		HideSolutionNode = FALSE
	EndGlobalSection
EndGlobal
